
Microsoft Visual Studio Solution File, Format Version 12.00
# Visual Studio 14
VisualStudioVersion = 14.0.25123.0
MinimumVisualStudioVersion = 10.0.40219.1
Project("{FAE04EC0-301F-11D3-BF4B-00C04F79EFBC}") = "CsDerive", "CsDerive\CsDerive.csproj", "{F64D0FA1-8BB5-4E3F-A8B2-F16132892FF0}"
EndProject
Project("{FAE04EC0-301F-11D3-BF4B-00C04F79EFBC}") = "Tests", "Tests\Tests.csproj", "{57E92115-FCDF-4754-9099-6F6234857E99}"
EndProject
Global
	GlobalSection(SolutionConfigurationPlatforms) = preSolution
		Debug|Any CPU = Debug|Any CPU
		Release|Any CPU = Release|Any CPU
	EndGlobalSection
	GlobalSection(ProjectConfigurationPlatforms) = postSolution
		{F64D0FA1-8BB5-4E3F-A8B2-F16132892FF0}.Debug|Any CPU.ActiveCfg = Debug|Any CPU
		{F64D0FA1-8BB5-4E3F-A8B2-F16132892FF0}.Debug|Any CPU.Build.0 = Debug|Any CPU
		{F64D0FA1-8BB5-4E3F-A8B2-F16132892FF0}.Release|Any CPU.ActiveCfg = Release|Any CPU
		{F64D0FA1-8BB5-4E3F-A8B2-F16132892FF0}.Release|Any CPU.Build.0 = Release|Any CPU
		{57E92115-FCDF-4754-9099-6F6234857E99}.Debug|Any CPU.ActiveCfg = Debug|Any CPU
		{57E92115-FCDF-4754-9099-6F6234857E99}.Debug|Any CPU.Build.0 = Debug|Any CPU
		{57E92115-FCDF-4754-9099-6F6234857E99}.Release|Any CPU.ActiveCfg = Release|Any CPU
		{57E92115-FCDF-4754-9099-6F6234857E99}.Release|Any CPU.Build.0 = Release|Any CPU
	EndGlobalSection
	GlobalSection(SolutionProperties) = preSolution
		HideSolutionNode = FALSE
	EndGlobalSection
EndGlobal
